
Microsoft Visual Studio Solution File, Format Version 12.00
Project("{FAE04EC0-301F-11D3-BF4B-00C04F79EFBC}") = "AuctionApp", "AuctionApp\AuctionApp.csproj", "{49ACDE06-38BE-46F3-B123-C04D89847658}"
EndProject
Project("{2150E333-8FDC-42A3-9474-1A3956D46DE8}") = "Solution Items", "Solution Items", "{C8D83C90-BC35-402E-926B-0D9546B8AEDF}"
	ProjectSection(SolutionItems) = preProject
		compose.yaml = compose.yaml
	EndProjectSection
EndProject
Project("{FAE04EC0-301F-11D3-BF4B-00C04F79EFBC}") = "AuctionApp.Tests", "AuctionApp.Tests\AuctionApp.Tests.csproj", "{945151DB-0342-45BD-9896-E00697D0370C}"
EndProject
Global
	GlobalSection(SolutionConfigurationPlatforms) = preSolution
		Debug|Any CPU = Debug|Any CPU
		Release|Any CPU = Release|Any CPU
	EndGlobalSection
	GlobalSection(ProjectConfigurationPlatforms) = postSolution
		{49ACDE06-38BE-46F3-B123-C04D89847658}.Debug|Any CPU.ActiveCfg = Debug|Any CPU
		{49ACDE06-38BE-46F3-B123-C04D89847658}.Debug|Any CPU.Build.0 = Debug|Any CPU
		{49ACDE06-38BE-46F3-B123-C04D89847658}.Release|Any CPU.ActiveCfg = Release|Any CPU
		{49ACDE06-38BE-46F3-B123-C04D89847658}.Release|Any CPU.Build.0 = Release|Any CPU
		{945151DB-0342-45BD-9896-E00697D0370C}.Debug|Any CPU.ActiveCfg = Debug|Any CPU
		{945151DB-0342-45BD-9896-E00697D0370C}.Debug|Any CPU.Build.0 = Debug|Any CPU
		{945151DB-0342-45BD-9896-E00697D0370C}.Release|Any CPU.ActiveCfg = Release|Any CPU
		{945151DB-0342-45BD-9896-E00697D0370C}.Release|Any CPU.Build.0 = Release|Any CPU
	EndGlobalSection
	GlobalSection(NestedProjects) = preSolution
		{945151DB-0342-45BD-9896-E00697D0370C} = {C8D83C90-BC35-402E-926B-0D9546B8AEDF}
	EndGlobalSection
EndGlobal
